
Microsoft Visual Studio Solution File, Format Version 12.00
# Visual Studio 15
<<<<<<< Updated upstream
Project("{FAE04EC0-301F-11D3-BF4B-00C04F79EFBC}") = "UnityEngine.UI", "UnityEngine.UI.csproj", "{CCCCFCBA-3987-D2F5-6BB0-A6564C9AAF22}"
EndProject
Project("{FAE04EC0-301F-11D3-BF4B-00C04F79EFBC}") = "UnityEngine.TestRunner", "UnityEngine.TestRunner.csproj", "{99534DE0-7860-91A5-7472-B6A12532B755}"
EndProject
Project("{FAE04EC0-301F-11D3-BF4B-00C04F79EFBC}") = "Unity.VisualScripting.Flow", "Unity.VisualScripting.Flow.csproj", "{3CFA18DD-7E30-7243-8A8D-98FC1DF24647}"
EndProject
=======
>>>>>>> Stashed changes
Project("{FAE04EC0-301F-11D3-BF4B-00C04F79EFBC}") = "Assembly-CSharp", "Assembly-CSharp.csproj", "{FE22B22B-B6C4-CFA4-9A50-7E75D4A8DE4B}"
EndProject
Project("{FAE04EC0-301F-11D3-BF4B-00C04F79EFBC}") = "Assembly-CSharp-Editor", "Assembly-CSharp-Editor.csproj", "{6790B945-7D28-F378-42B7-E22CC1BF732F}"
EndProject
<<<<<<< Updated upstream
Project("{FAE04EC0-301F-11D3-BF4B-00C04F79EFBC}") = "Unity.ProBuilder.AddOns.Editor", "Unity.ProBuilder.AddOns.Editor.csproj", "{6E1F1FB9-998D-8928-A457-A41CABBBBD63}"
EndProject
Project("{FAE04EC0-301F-11D3-BF4B-00C04F79EFBC}") = "UnityEngine.UI", "UnityEngine.UI.Player.csproj", "{4AC2EF03-C6C7-E813-2F75-8A54082F5DCE}"
EndProject
Project("{FAE04EC0-301F-11D3-BF4B-00C04F79EFBC}") = "UnityEngine.TestRunner", "UnityEngine.TestRunner.Player.csproj", "{43D5DC09-31FD-85F6-8088-A349E8E6C577}"
EndProject
Project("{FAE04EC0-301F-11D3-BF4B-00C04F79EFBC}") = "Unity.VisualScripting.Flow", "Unity.VisualScripting.Flow.Player.csproj", "{2DF0CCC3-4104-454C-D74E-F1E987650847}"
EndProject
Project("{FAE04EC0-301F-11D3-BF4B-00C04F79EFBC}") = "Assembly-CSharp", "Assembly-CSharp.Player.csproj", "{AFB1A457-868C-0F68-7F56-51102F1FE7B0}"
EndProject
Project("{FAE04EC0-301F-11D3-BF4B-00C04F79EFBC}") = "Unity.VisualScripting.State", "Unity.VisualScripting.State.Player.csproj", "{842DBAFA-55AB-4974-89E0-E70942F1F87A}"
EndProject
Project("{FAE04EC0-301F-11D3-BF4B-00C04F79EFBC}") = "Unity.VisualScripting.Core", "Unity.VisualScripting.Core.Player.csproj", "{10E316A5-1844-9B09-CADC-74781B5FF039}"
EndProject
Project("{FAE04EC0-301F-11D3-BF4B-00C04F79EFBC}") = "Unity.TextMeshPro", "Unity.TextMeshPro.Player.csproj", "{A1B2B4C4-651F-535A-029A-689EC8C43FDC}"
EndProject
Project("{FAE04EC0-301F-11D3-BF4B-00C04F79EFBC}") = "Unity.ProBuilder.Poly2Tri", "Unity.ProBuilder.Poly2Tri.Player.csproj", "{0F9572F9-1B01-079E-CA75-6D8472D533E2}"
EndProject
Project("{FAE04EC0-301F-11D3-BF4B-00C04F79EFBC}") = "Unity.Timeline", "Unity.Timeline.Player.csproj", "{D9BD0793-F9E4-C1B4-6DA6-50849E3AD172}"
EndProject
Project("{FAE04EC0-301F-11D3-BF4B-00C04F79EFBC}") = "Unity.ProBuilder", "Unity.ProBuilder.Player.csproj", "{A6F5E2CF-F000-E6EF-1956-D67B20480575}"
EndProject
Project("{FAE04EC0-301F-11D3-BF4B-00C04F79EFBC}") = "Unity.ProBuilder.Csg", "Unity.ProBuilder.Csg.Player.csproj", "{C5BEA890-6B55-0873-B013-C1597F1519A5}"
EndProject
Project("{FAE04EC0-301F-11D3-BF4B-00C04F79EFBC}") = "Unity.ProBuilder.KdTree", "Unity.ProBuilder.KdTree.Player.csproj", "{B19DB53F-E400-A8A2-F6F2-72D2DF2DCFA9}"
EndProject
Project("{FAE04EC0-301F-11D3-BF4B-00C04F79EFBC}") = "Unity.ProBuilder.Stl", "Unity.ProBuilder.Stl.Player.csproj", "{50525855-264C-F186-B2E7-1E22D53B5264}"
EndProject
=======
>>>>>>> Stashed changes
Global
	GlobalSection(SolutionConfigurationPlatforms) = preSolution
		Debug|Any CPU = Debug|Any CPU
		Release|Any CPU = Release|Any CPU
	EndGlobalSection
	GlobalSection(ProjectConfigurationPlatforms) = postSolution
<<<<<<< Updated upstream
		{CCCCFCBA-3987-D2F5-6BB0-A6564C9AAF22}.Debug|Any CPU.ActiveCfg = Debug|Any CPU
		{CCCCFCBA-3987-D2F5-6BB0-A6564C9AAF22}.Debug|Any CPU.Build.0 = Debug|Any CPU
		{CCCCFCBA-3987-D2F5-6BB0-A6564C9AAF22}.Release|Any CPU.ActiveCfg = Release|Any CPU
		{CCCCFCBA-3987-D2F5-6BB0-A6564C9AAF22}.Release|Any CPU.Build.0 = Release|Any CPU
		{99534DE0-7860-91A5-7472-B6A12532B755}.Debug|Any CPU.ActiveCfg = Debug|Any CPU
		{99534DE0-7860-91A5-7472-B6A12532B755}.Debug|Any CPU.Build.0 = Debug|Any CPU
		{99534DE0-7860-91A5-7472-B6A12532B755}.Release|Any CPU.ActiveCfg = Release|Any CPU
		{99534DE0-7860-91A5-7472-B6A12532B755}.Release|Any CPU.Build.0 = Release|Any CPU
		{3CFA18DD-7E30-7243-8A8D-98FC1DF24647}.Debug|Any CPU.ActiveCfg = Debug|Any CPU
		{3CFA18DD-7E30-7243-8A8D-98FC1DF24647}.Debug|Any CPU.Build.0 = Debug|Any CPU
		{3CFA18DD-7E30-7243-8A8D-98FC1DF24647}.Release|Any CPU.ActiveCfg = Release|Any CPU
		{3CFA18DD-7E30-7243-8A8D-98FC1DF24647}.Release|Any CPU.Build.0 = Release|Any CPU
=======
>>>>>>> Stashed changes
		{FE22B22B-B6C4-CFA4-9A50-7E75D4A8DE4B}.Debug|Any CPU.ActiveCfg = Debug|Any CPU
		{FE22B22B-B6C4-CFA4-9A50-7E75D4A8DE4B}.Debug|Any CPU.Build.0 = Debug|Any CPU
		{FE22B22B-B6C4-CFA4-9A50-7E75D4A8DE4B}.Release|Any CPU.ActiveCfg = Release|Any CPU
		{FE22B22B-B6C4-CFA4-9A50-7E75D4A8DE4B}.Release|Any CPU.Build.0 = Release|Any CPU
		{6790B945-7D28-F378-42B7-E22CC1BF732F}.Debug|Any CPU.ActiveCfg = Debug|Any CPU
		{6790B945-7D28-F378-42B7-E22CC1BF732F}.Debug|Any CPU.Build.0 = Debug|Any CPU
		{6790B945-7D28-F378-42B7-E22CC1BF732F}.Release|Any CPU.ActiveCfg = Release|Any CPU
		{6790B945-7D28-F378-42B7-E22CC1BF732F}.Release|Any CPU.Build.0 = Release|Any CPU
<<<<<<< Updated upstream
		{6E1F1FB9-998D-8928-A457-A41CABBBBD63}.Debug|Any CPU.ActiveCfg = Debug|Any CPU
		{6E1F1FB9-998D-8928-A457-A41CABBBBD63}.Debug|Any CPU.Build.0 = Debug|Any CPU
		{6E1F1FB9-998D-8928-A457-A41CABBBBD63}.Release|Any CPU.ActiveCfg = Release|Any CPU
		{6E1F1FB9-998D-8928-A457-A41CABBBBD63}.Release|Any CPU.Build.0 = Release|Any CPU
		{4AC2EF03-C6C7-E813-2F75-8A54082F5DCE}.Debug|Any CPU.ActiveCfg = Debug|Any CPU
		{4AC2EF03-C6C7-E813-2F75-8A54082F5DCE}.Debug|Any CPU.Build.0 = Debug|Any CPU
		{4AC2EF03-C6C7-E813-2F75-8A54082F5DCE}.Release|Any CPU.ActiveCfg = Release|Any CPU
		{4AC2EF03-C6C7-E813-2F75-8A54082F5DCE}.Release|Any CPU.Build.0 = Release|Any CPU
		{43D5DC09-31FD-85F6-8088-A349E8E6C577}.Debug|Any CPU.ActiveCfg = Debug|Any CPU
		{43D5DC09-31FD-85F6-8088-A349E8E6C577}.Debug|Any CPU.Build.0 = Debug|Any CPU
		{43D5DC09-31FD-85F6-8088-A349E8E6C577}.Release|Any CPU.ActiveCfg = Release|Any CPU
		{43D5DC09-31FD-85F6-8088-A349E8E6C577}.Release|Any CPU.Build.0 = Release|Any CPU
		{2DF0CCC3-4104-454C-D74E-F1E987650847}.Debug|Any CPU.ActiveCfg = Debug|Any CPU
		{2DF0CCC3-4104-454C-D74E-F1E987650847}.Debug|Any CPU.Build.0 = Debug|Any CPU
		{2DF0CCC3-4104-454C-D74E-F1E987650847}.Release|Any CPU.ActiveCfg = Release|Any CPU
		{2DF0CCC3-4104-454C-D74E-F1E987650847}.Release|Any CPU.Build.0 = Release|Any CPU
		{AFB1A457-868C-0F68-7F56-51102F1FE7B0}.Debug|Any CPU.ActiveCfg = Debug|Any CPU
		{AFB1A457-868C-0F68-7F56-51102F1FE7B0}.Debug|Any CPU.Build.0 = Debug|Any CPU
		{AFB1A457-868C-0F68-7F56-51102F1FE7B0}.Release|Any CPU.ActiveCfg = Release|Any CPU
		{AFB1A457-868C-0F68-7F56-51102F1FE7B0}.Release|Any CPU.Build.0 = Release|Any CPU
		{842DBAFA-55AB-4974-89E0-E70942F1F87A}.Debug|Any CPU.ActiveCfg = Debug|Any CPU
		{842DBAFA-55AB-4974-89E0-E70942F1F87A}.Debug|Any CPU.Build.0 = Debug|Any CPU
		{842DBAFA-55AB-4974-89E0-E70942F1F87A}.Release|Any CPU.ActiveCfg = Release|Any CPU
		{842DBAFA-55AB-4974-89E0-E70942F1F87A}.Release|Any CPU.Build.0 = Release|Any CPU
		{10E316A5-1844-9B09-CADC-74781B5FF039}.Debug|Any CPU.ActiveCfg = Debug|Any CPU
		{10E316A5-1844-9B09-CADC-74781B5FF039}.Debug|Any CPU.Build.0 = Debug|Any CPU
		{10E316A5-1844-9B09-CADC-74781B5FF039}.Release|Any CPU.ActiveCfg = Release|Any CPU
		{10E316A5-1844-9B09-CADC-74781B5FF039}.Release|Any CPU.Build.0 = Release|Any CPU
		{A1B2B4C4-651F-535A-029A-689EC8C43FDC}.Debug|Any CPU.ActiveCfg = Debug|Any CPU
		{A1B2B4C4-651F-535A-029A-689EC8C43FDC}.Debug|Any CPU.Build.0 = Debug|Any CPU
		{A1B2B4C4-651F-535A-029A-689EC8C43FDC}.Release|Any CPU.ActiveCfg = Release|Any CPU
		{A1B2B4C4-651F-535A-029A-689EC8C43FDC}.Release|Any CPU.Build.0 = Release|Any CPU
		{0F9572F9-1B01-079E-CA75-6D8472D533E2}.Debug|Any CPU.ActiveCfg = Debug|Any CPU
		{0F9572F9-1B01-079E-CA75-6D8472D533E2}.Debug|Any CPU.Build.0 = Debug|Any CPU
		{0F9572F9-1B01-079E-CA75-6D8472D533E2}.Release|Any CPU.ActiveCfg = Release|Any CPU
		{0F9572F9-1B01-079E-CA75-6D8472D533E2}.Release|Any CPU.Build.0 = Release|Any CPU
		{D9BD0793-F9E4-C1B4-6DA6-50849E3AD172}.Debug|Any CPU.ActiveCfg = Debug|Any CPU
		{D9BD0793-F9E4-C1B4-6DA6-50849E3AD172}.Debug|Any CPU.Build.0 = Debug|Any CPU
		{D9BD0793-F9E4-C1B4-6DA6-50849E3AD172}.Release|Any CPU.ActiveCfg = Release|Any CPU
		{D9BD0793-F9E4-C1B4-6DA6-50849E3AD172}.Release|Any CPU.Build.0 = Release|Any CPU
		{A6F5E2CF-F000-E6EF-1956-D67B20480575}.Debug|Any CPU.ActiveCfg = Debug|Any CPU
		{A6F5E2CF-F000-E6EF-1956-D67B20480575}.Debug|Any CPU.Build.0 = Debug|Any CPU
		{A6F5E2CF-F000-E6EF-1956-D67B20480575}.Release|Any CPU.ActiveCfg = Release|Any CPU
		{A6F5E2CF-F000-E6EF-1956-D67B20480575}.Release|Any CPU.Build.0 = Release|Any CPU
		{C5BEA890-6B55-0873-B013-C1597F1519A5}.Debug|Any CPU.ActiveCfg = Debug|Any CPU
		{C5BEA890-6B55-0873-B013-C1597F1519A5}.Debug|Any CPU.Build.0 = Debug|Any CPU
		{C5BEA890-6B55-0873-B013-C1597F1519A5}.Release|Any CPU.ActiveCfg = Release|Any CPU
		{C5BEA890-6B55-0873-B013-C1597F1519A5}.Release|Any CPU.Build.0 = Release|Any CPU
		{B19DB53F-E400-A8A2-F6F2-72D2DF2DCFA9}.Debug|Any CPU.ActiveCfg = Debug|Any CPU
		{B19DB53F-E400-A8A2-F6F2-72D2DF2DCFA9}.Debug|Any CPU.Build.0 = Debug|Any CPU
		{B19DB53F-E400-A8A2-F6F2-72D2DF2DCFA9}.Release|Any CPU.ActiveCfg = Release|Any CPU
		{B19DB53F-E400-A8A2-F6F2-72D2DF2DCFA9}.Release|Any CPU.Build.0 = Release|Any CPU
		{50525855-264C-F186-B2E7-1E22D53B5264}.Debug|Any CPU.ActiveCfg = Debug|Any CPU
		{50525855-264C-F186-B2E7-1E22D53B5264}.Debug|Any CPU.Build.0 = Debug|Any CPU
		{50525855-264C-F186-B2E7-1E22D53B5264}.Release|Any CPU.ActiveCfg = Release|Any CPU
		{50525855-264C-F186-B2E7-1E22D53B5264}.Release|Any CPU.Build.0 = Release|Any CPU
=======
>>>>>>> Stashed changes
	EndGlobalSection
	GlobalSection(SolutionProperties) = preSolution
		HideSolutionNode = FALSE
	EndGlobalSection
EndGlobal
